
Microsoft Visual Studio Solution File, Format Version 12.00
# Visual Studio Version 17
VisualStudioVersion = 17.5.002.0
MinimumVisualStudioVersion = 10.0.40219.1
Project("{9A19103F-16F7-4668-BE54-9A1E7A4F7556}") = "SecureNotes.Blazor", "SecureNotes.Blazor.csproj", "{280D554E-84CF-471D-B1AD-221D9F39CA49}"
EndProject
Global
	GlobalSection(SolutionConfigurationPlatforms) = preSolution
		Debug|Any CPU = Debug|Any CPU
		Release|Any CPU = Release|Any CPU
	EndGlobalSection
	GlobalSection(ProjectConfigurationPlatforms) = postSolution
		{280D554E-84CF-471D-B1AD-221D9F39CA49}.Debug|Any CPU.ActiveCfg = Debug|Any CPU
		{280D554E-84CF-471D-B1AD-221D9F39CA49}.Debug|Any CPU.Build.0 = Debug|Any CPU
		{280D554E-84CF-471D-B1AD-221D9F39CA49}.Release|Any CPU.ActiveCfg = Release|Any CPU
		{280D554E-84CF-471D-B1AD-221D9F39CA49}.Release|Any CPU.Build.0 = Release|Any CPU
	EndGlobalSection
	GlobalSection(SolutionProperties) = preSolution
		HideSolutionNode = FALSE
	EndGlobalSection
	GlobalSection(ExtensibilityGlobals) = postSolution
		SolutionGuid = {CB9A8EF5-6E4B-4834-AE41-D23FF32D6E79}
	EndGlobalSection
EndGlobal
